// !$*UTF8*$!
{
	archiveVersion = 1;
	classes = {
	};
	objectVersion = 46;
	objects = {

/* Begin PBXBuildFile section */
		233998861B92207A008D7FFC /* AppDelegate.swift in Sources */ = {isa = PBXBuildFile; fileRef = 233998851B92207A008D7FFC /* AppDelegate.swift */; };
		233998881B92207A008D7FFC /* ViewController.swift in Sources */ = {isa = PBXBuildFile; fileRef = 233998871B92207A008D7FFC /* ViewController.swift */; };
		2339988B1B92207A008D7FFC /* Main.storyboard in Resources */ = {isa = PBXBuildFile; fileRef = 233998891B92207A008D7FFC /* Main.storyboard */; };
		2339988D1B92207A008D7FFC /* Images.xcassets in Resources */ = {isa = PBXBuildFile; fileRef = 2339988C1B92207A008D7FFC /* Images.xcassets */; };
		233998901B92207A008D7FFC /* LaunchScreen.xib in Resources */ = {isa = PBXBuildFile; fileRef = 2339988E1B92207A008D7FFC /* LaunchScreen.xib */; };
		2339989C1B92207A008D7FFC /* AlongTheRoadTests.swift in Sources */ = {isa = PBXBuildFile; fileRef = 2339989B1B92207A008D7FFC /* AlongTheRoadTests.swift */; };
/* End PBXBuildFile section */

/* Begin PBXContainerItemProxy section */
		233998961B92207A008D7FFC /* PBXContainerItemProxy */ = {
			isa = PBXContainerItemProxy;
			containerPortal = 233998781B92207A008D7FFC /* Project object */;
			proxyType = 1;
			remoteGlobalIDString = 2339987F1B92207A008D7FFC;
			remoteInfo = AlongTheRoad;
		};
/* End PBXContainerItemProxy section */

/* Begin PBXFileReference section */
		233998801B92207A008D7FFC /* AlongTheRoad.app */ = {isa = PBXFileReference; explicitFileType = wrapper.application; includeInIndex = 0; path = AlongTheRoad.app; sourceTree = BUILT_PRODUCTS_DIR; };
		233998841B92207A008D7FFC /* Info.plist */ = {isa = PBXFileReference; lastKnownFileType = text.plist.xml; path = Info.plist; sourceTree = "<group>"; };
		233998851B92207A008D7FFC /* AppDelegate.swift */ = {isa = PBXFileReference; lastKnownFileType = sourcecode.swift; path = AppDelegate.swift; sourceTree = "<group>"; };
		233998871B92207A008D7FFC /* ViewController.swift */ = {isa = PBXFileReference; lastKnownFileType = sourcecode.swift; path = ViewController.swift; sourceTree = "<group>"; };
		2339988A1B92207A008D7FFC /* Base */ = {isa = PBXFileReference; lastKnownFileType = file.storyboard; name = Base; path = Base.lproj/Main.storyboard; sourceTree = "<group>"; };
		2339988C1B92207A008D7FFC /* Images.xcassets */ = {isa = PBXFileReference; lastKnownFileType = folder.assetcatalog; path = Images.xcassets; sourceTree = "<group>"; };
		2339988F1B92207A008D7FFC /* Base */ = {isa = PBXFileReference; lastKnownFileType = file.xib; name = Base; path = Base.lproj/LaunchScreen.xib; sourceTree = "<group>"; };
		233998951B92207A008D7FFC /* AlongTheRoadTests.xctest */ = {isa = PBXFileReference; explicitFileType = wrapper.cfbundle; includeInIndex = 0; path = AlongTheRoadTests.xctest; sourceTree = BUILT_PRODUCTS_DIR; };
		2339989A1B92207A008D7FFC /* Info.plist */ = {isa = PBXFileReference; lastKnownFileType = text.plist.xml; path = Info.plist; sourceTree = "<group>"; };
		2339989B1B92207A008D7FFC /* AlongTheRoadTests.swift */ = {isa = PBXFileReference; lastKnownFileType = sourcecode.swift; path = AlongTheRoadTests.swift; sourceTree = "<group>"; };
/* End PBXFileReference section */

/* Begin PBXFrameworksBuildPhase section */
		2339987D1B92207A008D7FFC /* Frameworks */ = {
			isa = PBXFrameworksBuildPhase;
			buildActionMask = 2147483647;
			files = (
			);
			runOnlyForDeploymentPostprocessing = 0;
		};
		233998921B92207A008D7FFC /* Frameworks */ = {
			isa = PBXFrameworksBuildPhase;
			buildActionMask = 2147483647;
			files = (
			);
			runOnlyForDeploymentPostprocessing = 0;
		};
/* End PBXFrameworksBuildPhase section */

/* Begin PBXGroup section */
		233998771B92207A008D7FFC = {
			isa = PBXGroup;
			children = (
				233998821B92207A008D7FFC /* AlongTheRoad */,
				233998981B92207A008D7FFC /* AlongTheRoadTests */,
				233998811B92207A008D7FFC /* Products */,
			);
			sourceTree = "<group>";
		};
		233998811B92207A008D7FFC /* Products */ = {
			isa = PBXGroup;
			children = (
				233998801B92207A008D7FFC /* AlongTheRoad.app */,
				233998951B92207A008D7FFC /* AlongTheRoadTests.xctest */,
			);
			name = Products;
			sourceTree = "<group>";
		};
		233998821B92207A008D7FFC /* AlongTheRoad */ = {
			isa = PBXGroup;
			children = (
				233998851B92207A008D7FFC /* AppDelegate.swift */,
				233998871B92207A008D7FFC /* ViewController.swift */,
				233998891B92207A008D7FFC /* Main.storyboard */,
				2339988C1B92207A008D7FFC /* Images.xcassets */,
				2339988E1B92207A008D7FFC /* LaunchScreen.xib */,
				233998831B92207A008D7FFC /* Supporting Files */,
			);
			path = AlongTheRoad;
			sourceTree = "<group>";
		};
		233998831B92207A008D7FFC /* Supporting Files */ = {
			isa = PBXGroup;
			children = (
				233998841B92207A008D7FFC /* Info.plist */,
			);
			name = "Supporting Files";
			sourceTree = "<group>";
		};
		233998981B92207A008D7FFC /* AlongTheRoadTests */ = {
			isa = PBXGroup;
			children = (
				2339989B1B92207A008D7FFC /* AlongTheRoadTests.swift */,
				233998991B92207A008D7FFC /* Supporting Files */,
			);
			path = AlongTheRoadTests;
			sourceTree = "<group>";
		};
		233998991B92207A008D7FFC /* Supporting Files */ = {
			isa = PBXGroup;
			children = (
				2339989A1B92207A008D7FFC /* Info.plist */,
			);
			name = "Supporting Files";
			sourceTree = "<group>";
		};
/* End PBXGroup section */

/* Begin PBXNativeTarget section */
		2339987F1B92207A008D7FFC /* AlongTheRoad */ = {
			isa = PBXNativeTarget;
			buildConfigurationList = 2339989F1B92207A008D7FFC /* Build configuration list for PBXNativeTarget "AlongTheRoad" */;
			buildPhases = (
				2339987C1B92207A008D7FFC /* Sources */,
				2339987D1B92207A008D7FFC /* Frameworks */,
				2339987E1B92207A008D7FFC /* Resources */,
			);
			buildRules = (
			);
			dependencies = (
			);
			name = AlongTheRoad;
			productName = AlongTheRoad;
			productReference = 233998801B92207A008D7FFC /* AlongTheRoad.app */;
			productType = "com.apple.product-type.application";
		};
		233998941B92207A008D7FFC /* AlongTheRoadTests */ = {
			isa = PBXNativeTarget;
			buildConfigurationList = 233998A21B92207A008D7FFC /* Build configuration list for PBXNativeTarget "AlongTheRoadTests" */;
			buildPhases = (
				233998911B92207A008D7FFC /* Sources */,
				233998921B92207A008D7FFC /* Frameworks */,
				233998931B92207A008D7FFC /* Resources */,
			);
			buildRules = (
			);
			dependencies = (
				233998971B92207A008D7FFC /* PBXTargetDependency */,
			);
			name = AlongTheRoadTests;
			productName = AlongTheRoadTests;
			productReference = 233998951B92207A008D7FFC /* AlongTheRoadTests.xctest */;
			productType = "com.apple.product-type.bundle.unit-test";
		};
/* End PBXNativeTarget section */

/* Begin PBXProject section */
		233998781B92207A008D7FFC /* Project object */ = {
			isa = PBXProject;
			attributes = {
				LastUpgradeCheck = 0640;
				ORGANIZATIONNAME = "Linus Aidan Meyer-Teruel";
				TargetAttributes = {
					2339987F1B92207A008D7FFC = {
						CreatedOnToolsVersion = 6.4;
					};
					233998941B92207A008D7FFC = {
						CreatedOnToolsVersion = 6.4;
						TestTargetID = 2339987F1B92207A008D7FFC;
					};
				};
			};
			buildConfigurationList = 2339987B1B92207A008D7FFC /* Build configuration list for PBXProject "AlongTheRoad" */;
			compatibilityVersion = "Xcode 3.2";
			developmentRegion = English;
			hasScannedForEncodings = 0;
			knownRegions = (
				en,
				Base,
			);
			mainGroup = 233998771B92207A008D7FFC;
			productRefGroup = 233998811B92207A008D7FFC /* Products */;
			projectDirPath = "";
			projectRoot = "";
			targets = (
				2339987F1B92207A008D7FFC /* AlongTheRoad */,
				233998941B92207A008D7FFC /* AlongTheRoadTests */,
			);
		};
/* End PBXProject section */

/* Begin PBXResourcesBuildPhase section */
		2339987E1B92207A008D7FFC /* Resources */ = {
			isa = PBXResourcesBuildPhase;
			buildActionMask = 2147483647;
			files = (
				2339988B1B92207A008D7FFC /* Main.storyboard in Resources */,
				233998901B92207A008D7FFC /* LaunchScreen.xib in Resources */,
				2339988D1B92207A008D7FFC /* Images.xcassets in Resources */,
			);
			runOnlyForDeploymentPostprocessing = 0;
		};
		233998931B92207A008D7FFC /* Resources */ = {
			isa = PBXResourcesBuildPhase;
			buildActionMask = 2147483647;
			files = (
			);
			runOnlyForDeploymentPostprocessing = 0;
		};
/* End PBXResourcesBuildPhase section */

/* Begin PBXSourcesBuildPhase section */
		2339987C1B92207A008D7FFC /* Sources */ = {
			isa = PBXSourcesBuildPhase;
			buildActionMask = 2147483647;
			files = (
				233998881B92207A008D7FFC /* ViewController.swift in Sources */,
				233998861B92207A008D7FFC /* AppDelegate.swift in Sources */,
			);
			runOnlyForDeploymentPostprocessing = 0;
		};
		233998911B92207A008D7FFC /* Sources */ = {
			isa = PBXSourcesBuildPhase;
			buildActionMask = 2147483647;
			files = (
				2339989C1B92207A008D7FFC /* AlongTheRoadTests.swift in Sources */,
			);
			runOnlyForDeploymentPostprocessing = 0;
		};
/* End PBXSourcesBuildPhase section */

/* Begin PBXTargetDependency section */
		233998971B92207A008D7FFC /* PBXTargetDependency */ = {
			isa = PBXTargetDependency;
			target = 2339987F1B92207A008D7FFC /* AlongTheRoad */;
			targetProxy = 233998961B92207A008D7FFC /* PBXContainerItemProxy */;
		};
/* End PBXTargetDependency section */

/* Begin PBXVariantGroup section */
		233998891B92207A008D7FFC /* Main.storyboard */ = {
			isa = PBXVariantGroup;
			children = (
				2339988A1B92207A008D7FFC /* Base */,
			);
			name = Main.storyboard;
			sourceTree = "<group>";
		};
		2339988E1B92207A008D7FFC /* LaunchScreen.xib */ = {
			isa = PBXVariantGroup;
			children = (
				2339988F1B92207A008D7FFC /* Base */,
			);
			name = LaunchScreen.xib;
			sourceTree = "<group>";
		};
/* End PBXVariantGroup section */

/* Begin XCBuildConfiguration section */
		2339989D1B92207A008D7FFC /* Debug */ = {
			isa = XCBuildConfiguration;
			buildSettings = {
				ALWAYS_SEARCH_USER_PATHS = NO;
				CLANG_CXX_LANGUAGE_STANDARD = "gnu++0x";
				CLANG_CXX_LIBRARY = "libc++";
				CLANG_ENABLE_MODULES = YES;
				CLANG_ENABLE_OBJC_ARC = YES;
				CLANG_WARN_BOOL_CONVERSION = YES;
				CLANG_WARN_CONSTANT_CONVERSION = YES;
				CLANG_WARN_DIRECT_OBJC_ISA_USAGE = YES_ERROR;
				CLANG_WARN_EMPTY_BODY = YES;
				CLANG_WARN_ENUM_CONVERSION = YES;
				CLANG_WARN_INT_CONVERSION = YES;
				CLANG_WARN_OBJC_ROOT_CLASS = YES_ERROR;
				CLANG_WARN_UNREACHABLE_CODE = YES;
				CLANG_WARN__DUPLICATE_METHOD_MATCH = YES;
				"CODE_SIGN_IDENTITY[sdk=iphoneos*]" = "iPhone Developer";
				COPY_PHASE_STRIP = NO;
				DEBUG_INFORMATION_FORMAT = "dwarf-with-dsym";
				ENABLE_STRICT_OBJC_MSGSEND = YES;
				GCC_C_LANGUAGE_STANDARD = gnu99;
				GCC_DYNAMIC_NO_PIC = NO;
				GCC_NO_COMMON_BLOCKS = YES;
				GCC_OPTIMIZATION_LEVEL = 0;
				GCC_PREPROCESSOR_DEFINITIONS = (
					"DEBUG=1",
					"$(inherited)",
				);
				GCC_SYMBOLS_PRIVATE_EXTERN = NO;
				GCC_WARN_64_TO_32_BIT_CONVERSION = YES;
				GCC_WARN_ABOUT_RETURN_TYPE = YES_ERROR;
				GCC_WARN_UNDECLARED_SELECTOR = YES;
				GCC_WARN_UNINITIALIZED_AUTOS = YES_AGGRESSIVE;
				GCC_WARN_UNUSED_FUNCTION = YES;
				GCC_WARN_UNUSED_VARIABLE = YES;
				IPHONEOS_DEPLOYMENT_TARGET = 8.4;
				MTL_ENABLE_DEBUG_INFO = YES;
				ONLY_ACTIVE_ARCH = YES;
				SDKROOT = iphoneos;
				SWIFT_OPTIMIZATION_LEVEL = "-Onone";
			};
			name = Debug;
		};
		2339989E1B92207A008D7FFC /* Release */ = {
			isa = XCBuildConfiguration;
			buildSettings = {
				ALWAYS_SEARCH_USER_PATHS = NO;
				CLANG_CXX_LANGUAGE_STANDARD = "gnu++0x";
				CLANG_CXX_LIBRARY = "libc++";
				CLANG_ENABLE_MODULES = YES;
				CLANG_ENABLE_OBJC_ARC = YES;
				CLANG_WARN_BOOL_CONVERSION = YES;
				CLANG_WARN_CONSTANT_CONVERSION = YES;
				CLANG_WARN_DIRECT_OBJC_ISA_USAGE = YES_ERROR;
				CLANG_WARN_EMPTY_BODY = YES;
				CLANG_WARN_ENUM_CONVERSION = YES;
				CLANG_WARN_INT_CONVERSION = YES;
				CLANG_WARN_OBJC_ROOT_CLASS = YES_ERROR;
				CLANG_WARN_UNREACHABLE_CODE = YES;
				CLANG_WARN__DUPLICATE_METHOD_MATCH = YES;
				"CODE_SIGN_IDENTITY[sdk=iphoneos*]" = "iPhone Developer";
				COPY_PHASE_STRIP = NO;
				DEBUG_INFORMATION_FORMAT = "dwarf-with-dsym";
				ENABLE_NS_ASSERTIONS = NO;
				ENABLE_STRICT_OBJC_MSGSEND = YES;
				GCC_C_LANGUAGE_STANDARD = gnu99;
				GCC_NO_COMMON_BLOCKS = YES;
				GCC_WARN_64_TO_32_BIT_CONVERSION = YES;
				GCC_WARN_ABOUT_RETURN_TYPE = YES_ERROR;
				GCC_WARN_UNDECLARED_SELECTOR = YES;
				GCC_WARN_UNINITIALIZED_AUTOS = YES_AGGRESSIVE;
				GCC_WARN_UNUSED_FUNCTION = YES;
				GCC_WARN_UNUSED_VARIABLE = YES;
				IPHONEOS_DEPLOYMENT_TARGET = 8.4;
				MTL_ENABLE_DEBUG_INFO = NO;
				SDKROOT = iphoneos;
				VALIDATE_PRODUCT = YES;
			};
			name = Release;
		};
		233998A01B92207A008D7FFC /* Debug */ = {
			isa = XCBuildConfiguration;
			buildSettings = {
				ASSETCATALOG_COMPILER_APPICON_NAME = AppIcon;
				INFOPLIST_FILE = AlongTheRoad/Info.plist;
				LD_RUNPATH_SEARCH_PATHS = "$(inherited) @executable_path/Frameworks";
				PRODUCT_NAME = "$(TARGET_NAME)";
			};
			name = Debug;
		};
		233998A11B92207A008D7FFC /* Release */ = {
			isa = XCBuildConfiguration;
			buildSettings = {
				ASSETCATALOG_COMPILER_APPICON_NAME = AppIcon;
				INFOPLIST_FILE = AlongTheRoad/Info.plist;
				LD_RUNPATH_SEARCH_PATHS = "$(inherited) @executable_path/Frameworks";
				PRODUCT_NAME = "$(TARGET_NAME)";
			};
			name = Release;
		};
		233998A31B92207A008D7FFC /* Debug */ = {
			isa = XCBuildConfiguration;
			buildSettings = {
				BUNDLE_LOADER = "$(TEST_HOST)";
				FRAMEWORK_SEARCH_PATHS = (
					"$(SDKROOT)/Developer/Library/Frameworks",
					"$(inherited)",
				);
				GCC_PREPROCESSOR_DEFINITIONS = (
					"DEBUG=1",
					"$(inherited)",
				);
				INFOPLIST_FILE = AlongTheRoadTests/Info.plist;
				LD_RUNPATH_SEARCH_PATHS = "$(inherited) @executable_path/Frameworks @loader_path/Frameworks";
				PRODUCT_NAME = "$(TARGET_NAME)";
				TEST_HOST = "$(BUILT_PRODUCTS_DIR)/AlongTheRoad.app/AlongTheRoad";
			};
			name = Debug;
		};
		233998A41B92207A008D7FFC /* Release */ = {
			isa = XCBuildConfiguration;
			buildSettings = {
				BUNDLE_LOADER = "$(TEST_HOST)";
				FRAMEWORK_SEARCH_PATHS = (
					"$(SDKROOT)/Developer/Library/Frameworks",
					"$(inherited)",
				);
				INFOPLIST_FILE = AlongTheRoadTests/Info.plist;
				LD_RUNPATH_SEARCH_PATHS = "$(inherited) @executable_path/Frameworks @loader_path/Frameworks";
				PRODUCT_NAME = "$(TARGET_NAME)";
				TEST_HOST = "$(BUILT_PRODUCTS_DIR)/AlongTheRoad.app/AlongTheRoad";
			};
			name = Release;
		};
/* End XCBuildConfiguration section */

/* Begin XCConfigurationList section */
		2339987B1B92207A008D7FFC /* Build configuration list for PBXProject "AlongTheRoad" */ = {
			isa = XCConfigurationList;
			buildConfigurations = (
				2339989D1B92207A008D7FFC /* Debug */,
				2339989E1B92207A008D7FFC /* Release */,
			);
			defaultConfigurationIsVisible = 0;
			defaultConfigurationName = Release;
		};
		2339989F1B92207A008D7FFC /* Build configuration list for PBXNativeTarget "AlongTheRoad" */ = {
			isa = XCConfigurationList;
			buildConfigurations = (
				233998A01B92207A008D7FFC /* Debug */,
				233998A11B92207A008D7FFC /* Release */,
			);
			defaultConfigurationIsVisible = 0;
		};
		233998A21B92207A008D7FFC /* Build configuration list for PBXNativeTarget "AlongTheRoadTests" */ = {
			isa = XCConfigurationList;
			buildConfigurations = (
				233998A31B92207A008D7FFC /* Debug */,
				233998A41B92207A008D7FFC /* Release */,
			);
			defaultConfigurationIsVisible = 0;
		};
/* End XCConfigurationList section */
	};
	rootObject = 233998781B92207A008D7FFC /* Project object */;
}
