// !$*UTF8*$!
{
	archiveVersion = 1;
	classes = {
	};
	objectVersion = 46;
	objects = {

/* Begin PBXBuildFile section */
		1E2F22CE1BA7DC7800378D42 /* MapHelpers.swift in Sources */ = {isa = PBXBuildFile; fileRef = 1E2F22CD1BA7DC7800378D42 /* MapHelpers.swift */; };
		1E474DFB1BA8E25600449202 /* CustomAnnotation.swift in Sources */ = {isa = PBXBuildFile; fileRef = 1E474DFA1BA8E25600449202 /* CustomAnnotation.swift */; };
		1E4A3AFB1BA3552D00E0DC29 /* RestaurantFilter.swift in Sources */ = {isa = PBXBuildFile; fileRef = 1E4A3AFA1BA3552D00E0DC29 /* RestaurantFilter.swift */; };
		1E4A3AFD1BA35F9B00E0DC29 /* RestaurantFilterData.swift in Sources */ = {isa = PBXBuildFile; fileRef = 1E4A3AFC1BA35F9B00E0DC29 /* RestaurantFilterData.swift */; };
		1E4A3AFF1BA4E6A200E0DC29 /* WaypointStructure.swift in Sources */ = {isa = PBXBuildFile; fileRef = 1E4A3AFE1BA4E6A200E0DC29 /* WaypointStructure.swift */; };
		1E52A7CA1B9E11250039A9CE /* RouteViewController.swift in Sources */ = {isa = PBXBuildFile; fileRef = 1E52A7C91B9E11250039A9CE /* RouteViewController.swift */; };
		1EA4E2481B9A5DFE0022C81C /* AutocompleteViewController.swift in Sources */ = {isa = PBXBuildFile; fileRef = 1EA4E2471B9A5DFE0022C81C /* AutocompleteViewController.swift */; };
		23157EC51B9F64C40001BEE3 /* RestaurantStructure.swift in Sources */ = {isa = PBXBuildFile; fileRef = 23157EC41B9F64C40001BEE3 /* RestaurantStructure.swift */; };
		2323083A1B99412100CF748D /* RestaurantTableView.swift in Sources */ = {isa = PBXBuildFile; fileRef = 232308391B99412100CF748D /* RestaurantTableView.swift */; };
		2323083C1B9A18AD00CF748D /* DataFilter.swift in Sources */ = {isa = PBXBuildFile; fileRef = 2323083B1B9A18AD00CF748D /* DataFilter.swift */; };
		232819091B926ADF00EBCCE6 /* MapViewController.swift in Sources */ = {isa = PBXBuildFile; fileRef = 232819081B926ADF00EBCCE6 /* MapViewController.swift */; };
		233998861B92207A008D7FFC /* AppDelegate.swift in Sources */ = {isa = PBXBuildFile; fileRef = 233998851B92207A008D7FFC /* AppDelegate.swift */; };
		233998881B92207A008D7FFC /* ViewController.swift in Sources */ = {isa = PBXBuildFile; fileRef = 233998871B92207A008D7FFC /* ViewController.swift */; };
		2339988B1B92207A008D7FFC /* Main.storyboard in Resources */ = {isa = PBXBuildFile; fileRef = 233998891B92207A008D7FFC /* Main.storyboard */; };
		2339988D1B92207A008D7FFC /* Images.xcassets in Resources */ = {isa = PBXBuildFile; fileRef = 2339988C1B92207A008D7FFC /* Images.xcassets */; };
		233998901B92207A008D7FFC /* LaunchScreen.xib in Resources */ = {isa = PBXBuildFile; fileRef = 2339988E1B92207A008D7FFC /* LaunchScreen.xib */; };
		2339989C1B92207A008D7FFC /* AlongTheRoadTests.swift in Sources */ = {isa = PBXBuildFile; fileRef = 2339989B1B92207A008D7FFC /* AlongTheRoadTests.swift */; };
		23B453A41B9DFF7800EB104C /* RestaurantDataModel.swift in Sources */ = {isa = PBXBuildFile; fileRef = 23B453A31B9DFF7800EB104C /* RestaurantDataModel.swift */; };
		23B453A81B9E057400EB104C /* DetailViewController.swift in Sources */ = {isa = PBXBuildFile; fileRef = 23B453A71B9E057400EB104C /* DetailViewController.swift */; };
		23C89B061B9769910014B243 /* MapKit.framework in Frameworks */ = {isa = PBXBuildFile; fileRef = 23C89B051B9769910014B243 /* MapKit.framework */; };
		23C89B081B976BB10014B243 /* LocationManager.swift in Sources */ = {isa = PBXBuildFile; fileRef = 23C89B071B976BB10014B243 /* LocationManager.swift */; };
		23E22AF31BA0B2B800E3EDFE /* SettingsViewController.swift in Sources */ = {isa = PBXBuildFile; fileRef = 23E22AF21BA0B2B800E3EDFE /* SettingsViewController.swift */; };
		23EA68F11B94D5AC00EF7EBE /* RouteDataModel.swift in Sources */ = {isa = PBXBuildFile; fileRef = 23EA68F01B94D5AC00EF7EBE /* RouteDataModel.swift */; };
		23EDA5101B9B8EB0009FD580 /* RestaurantTableViewCell.swift in Sources */ = {isa = PBXBuildFile; fileRef = 23EDA50F1B9B8EB0009FD580 /* RestaurantTableViewCell.swift */; };
		E39B67D19817EDADE6240DF2 /* libPods.a in Frameworks */ = {isa = PBXBuildFile; fileRef = A4E73317155D0B2B43ABC568 /* libPods.a */; };
/* End PBXBuildFile section */

/* Begin PBXContainerItemProxy section */
		233998961B92207A008D7FFC /* PBXContainerItemProxy */ = {
			isa = PBXContainerItemProxy;
			containerPortal = 233998781B92207A008D7FFC /* Project object */;
			proxyType = 1;
			remoteGlobalIDString = 2339987F1B92207A008D7FFC;
			remoteInfo = AlongTheRoad;
		};
/* End PBXContainerItemProxy section */

/* Begin PBXFileReference section */
		1E2F22CD1BA7DC7800378D42 /* MapHelpers.swift */ = {isa = PBXFileReference; fileEncoding = 4; lastKnownFileType = sourcecode.swift; path = MapHelpers.swift; sourceTree = "<group>"; };
		1E3706561B9937C6007C8ACC /* AlongTheRoad-Bridging-Header.h */ = {isa = PBXFileReference; lastKnownFileType = sourcecode.c.h; path = "AlongTheRoad-Bridging-Header.h"; sourceTree = "<group>"; };
		1E474DFA1BA8E25600449202 /* CustomAnnotation.swift */ = {isa = PBXFileReference; fileEncoding = 4; lastKnownFileType = sourcecode.swift; path = CustomAnnotation.swift; sourceTree = "<group>"; };
		1E4A3AFA1BA3552D00E0DC29 /* RestaurantFilter.swift */ = {isa = PBXFileReference; fileEncoding = 4; lastKnownFileType = sourcecode.swift; path = RestaurantFilter.swift; sourceTree = "<group>"; };
		1E4A3AFC1BA35F9B00E0DC29 /* RestaurantFilterData.swift */ = {isa = PBXFileReference; fileEncoding = 4; lastKnownFileType = sourcecode.swift; path = RestaurantFilterData.swift; sourceTree = "<group>"; };
		1E4A3AFE1BA4E6A200E0DC29 /* WaypointStructure.swift */ = {isa = PBXFileReference; fileEncoding = 4; lastKnownFileType = sourcecode.swift; path = WaypointStructure.swift; sourceTree = "<group>"; };
		1E52A7C91B9E11250039A9CE /* RouteViewController.swift */ = {isa = PBXFileReference; fileEncoding = 4; lastKnownFileType = sourcecode.swift; path = RouteViewController.swift; sourceTree = "<group>"; };
		1EA4E2471B9A5DFE0022C81C /* AutocompleteViewController.swift */ = {isa = PBXFileReference; fileEncoding = 4; lastKnownFileType = sourcecode.swift; path = AutocompleteViewController.swift; sourceTree = "<group>"; };
		23157EC41B9F64C40001BEE3 /* RestaurantStructure.swift */ = {isa = PBXFileReference; fileEncoding = 4; lastKnownFileType = sourcecode.swift; path = RestaurantStructure.swift; sourceTree = "<group>"; };
		232308391B99412100CF748D /* RestaurantTableView.swift */ = {isa = PBXFileReference; fileEncoding = 4; lastKnownFileType = sourcecode.swift; path = RestaurantTableView.swift; sourceTree = "<group>"; };
		2323083B1B9A18AD00CF748D /* DataFilter.swift */ = {isa = PBXFileReference; fileEncoding = 4; lastKnownFileType = sourcecode.swift; path = DataFilter.swift; sourceTree = "<group>"; };
		232819081B926ADF00EBCCE6 /* MapViewController.swift */ = {isa = PBXFileReference; fileEncoding = 4; lastKnownFileType = sourcecode.swift; path = MapViewController.swift; sourceTree = "<group>"; };
		233998801B92207A008D7FFC /* FoodEnRoute.app */ = {isa = PBXFileReference; explicitFileType = wrapper.application; includeInIndex = 0; path = FoodEnRoute.app; sourceTree = BUILT_PRODUCTS_DIR; };
		233998841B92207A008D7FFC /* Info.plist */ = {isa = PBXFileReference; lastKnownFileType = text.plist.xml; path = Info.plist; sourceTree = "<group>"; };
		233998851B92207A008D7FFC /* AppDelegate.swift */ = {isa = PBXFileReference; lastKnownFileType = sourcecode.swift; path = AppDelegate.swift; sourceTree = "<group>"; };
		233998871B92207A008D7FFC /* ViewController.swift */ = {isa = PBXFileReference; lastKnownFileType = sourcecode.swift; path = ViewController.swift; sourceTree = "<group>"; };
		2339988A1B92207A008D7FFC /* Base */ = {isa = PBXFileReference; lastKnownFileType = file.storyboard; name = Base; path = Base.lproj/Main.storyboard; sourceTree = "<group>"; };
		2339988C1B92207A008D7FFC /* Images.xcassets */ = {isa = PBXFileReference; lastKnownFileType = folder.assetcatalog; path = Images.xcassets; sourceTree = "<group>"; };
		2339988F1B92207A008D7FFC /* Base */ = {isa = PBXFileReference; lastKnownFileType = file.xib; name = Base; path = Base.lproj/LaunchScreen.xib; sourceTree = "<group>"; };
		233998951B92207A008D7FFC /* FoodEnRouteTests.xctest */ = {isa = PBXFileReference; explicitFileType = wrapper.cfbundle; includeInIndex = 0; path = FoodEnRouteTests.xctest; sourceTree = BUILT_PRODUCTS_DIR; };
		2339989A1B92207A008D7FFC /* Info.plist */ = {isa = PBXFileReference; lastKnownFileType = text.plist.xml; path = Info.plist; sourceTree = "<group>"; };
		2339989B1B92207A008D7FFC /* AlongTheRoadTests.swift */ = {isa = PBXFileReference; lastKnownFileType = sourcecode.swift; path = AlongTheRoadTests.swift; sourceTree = "<group>"; };
		23B453A31B9DFF7800EB104C /* RestaurantDataModel.swift */ = {isa = PBXFileReference; fileEncoding = 4; lastKnownFileType = sourcecode.swift; path = RestaurantDataModel.swift; sourceTree = "<group>"; };
		23B453A71B9E057400EB104C /* DetailViewController.swift */ = {isa = PBXFileReference; fileEncoding = 4; lastKnownFileType = sourcecode.swift; path = DetailViewController.swift; sourceTree = "<group>"; };
		23C89B051B9769910014B243 /* MapKit.framework */ = {isa = PBXFileReference; lastKnownFileType = wrapper.framework; name = MapKit.framework; path = System/Library/Frameworks/MapKit.framework; sourceTree = SDKROOT; };
		23C89B071B976BB10014B243 /* LocationManager.swift */ = {isa = PBXFileReference; fileEncoding = 4; lastKnownFileType = sourcecode.swift; path = LocationManager.swift; sourceTree = "<group>"; };
		23E22AF21BA0B2B800E3EDFE /* SettingsViewController.swift */ = {isa = PBXFileReference; fileEncoding = 4; lastKnownFileType = sourcecode.swift; path = SettingsViewController.swift; sourceTree = "<group>"; };
		23EA68F01B94D5AC00EF7EBE /* RouteDataModel.swift */ = {isa = PBXFileReference; fileEncoding = 4; lastKnownFileType = sourcecode.swift; path = RouteDataModel.swift; sourceTree = "<group>"; };
		23EDA50F1B9B8EB0009FD580 /* RestaurantTableViewCell.swift */ = {isa = PBXFileReference; fileEncoding = 4; lastKnownFileType = sourcecode.swift; path = RestaurantTableViewCell.swift; sourceTree = "<group>"; };
		77A58EAD708139DB8C248DEC /* Pods.release.xcconfig */ = {isa = PBXFileReference; includeInIndex = 1; lastKnownFileType = text.xcconfig; name = Pods.release.xcconfig; path = "Pods/Target Support Files/Pods/Pods.release.xcconfig"; sourceTree = "<group>"; };
		A4E73317155D0B2B43ABC568 /* libPods.a */ = {isa = PBXFileReference; explicitFileType = archive.ar; includeInIndex = 0; path = libPods.a; sourceTree = BUILT_PRODUCTS_DIR; };
		DF2440DAB0DE1D298F90474B /* Pods.debug.xcconfig */ = {isa = PBXFileReference; includeInIndex = 1; lastKnownFileType = text.xcconfig; name = Pods.debug.xcconfig; path = "Pods/Target Support Files/Pods/Pods.debug.xcconfig"; sourceTree = "<group>"; };
/* End PBXFileReference section */

/* Begin PBXFrameworksBuildPhase section */
		2339987D1B92207A008D7FFC /* Frameworks */ = {
			isa = PBXFrameworksBuildPhase;
			buildActionMask = 2147483647;
			files = (
				23C89B061B9769910014B243 /* MapKit.framework in Frameworks */,
				E39B67D19817EDADE6240DF2 /* libPods.a in Frameworks */,
			);
			runOnlyForDeploymentPostprocessing = 0;
		};
		233998921B92207A008D7FFC /* Frameworks */ = {
			isa = PBXFrameworksBuildPhase;
			buildActionMask = 2147483647;
			files = (
			);
			runOnlyForDeploymentPostprocessing = 0;
		};
/* End PBXFrameworksBuildPhase section */

/* Begin PBXGroup section */
		233998771B92207A008D7FFC = {
			isa = PBXGroup;
			children = (
				233998821B92207A008D7FFC /* Food en Route */,
				233998981B92207A008D7FFC /* AlongTheRoadTests */,
				233998811B92207A008D7FFC /* Products */,
				5F8307EB515F32DF18861796 /* Frameworks */,
				9E31EE6BB73F5026118DA120 /* Pods */,
			);
			sourceTree = "<group>";
		};
		233998811B92207A008D7FFC /* Products */ = {
			isa = PBXGroup;
			children = (
				233998801B92207A008D7FFC /* FoodEnRoute.app */,
				233998951B92207A008D7FFC /* FoodEnRouteTests.xctest */,
			);
			name = Products;
			sourceTree = "<group>";
		};
		233998821B92207A008D7FFC /* Food en Route */ = {
			isa = PBXGroup;
			children = (
				23E22AF11BA0B29E00E3EDFE /* Settings */,
				236C8BDB1B9E43BA00E12086 /* Main Files */,
				23B453A61B9E000300EB104C /* RestaurantTableView */,
				23B453A51B9DFFBB00EB104C /* Data Models */,
				232819081B926ADF00EBCCE6 /* MapViewController.swift */,
				1EA4E2471B9A5DFE0022C81C /* AutocompleteViewController.swift */,
				23B453A71B9E057400EB104C /* DetailViewController.swift */,
				1E52A7C91B9E11250039A9CE /* RouteViewController.swift */,
				233998831B92207A008D7FFC /* Supporting Files */,
			);
			name = "Food en Route";
			path = AlongTheRoad;
			sourceTree = "<group>";
		};
		233998831B92207A008D7FFC /* Supporting Files */ = {
			isa = PBXGroup;
			children = (
				233998841B92207A008D7FFC /* Info.plist */,
			);
			name = "Supporting Files";
			sourceTree = "<group>";
		};
		233998981B92207A008D7FFC /* AlongTheRoadTests */ = {
			isa = PBXGroup;
			children = (
				2339989B1B92207A008D7FFC /* AlongTheRoadTests.swift */,
				233998991B92207A008D7FFC /* Supporting Files */,
			);
			path = AlongTheRoadTests;
			sourceTree = "<group>";
		};
		233998991B92207A008D7FFC /* Supporting Files */ = {
			isa = PBXGroup;
			children = (
				2339989A1B92207A008D7FFC /* Info.plist */,
			);
			name = "Supporting Files";
			sourceTree = "<group>";
		};
		236C8BDB1B9E43BA00E12086 /* Main Files */ = {
			isa = PBXGroup;
			children = (
				233998891B92207A008D7FFC /* Main.storyboard */,
				1E3706561B9937C6007C8ACC /* AlongTheRoad-Bridging-Header.h */,
				2339988C1B92207A008D7FFC /* Images.xcassets */,
				2339988E1B92207A008D7FFC /* LaunchScreen.xib */,
				23C89B071B976BB10014B243 /* LocationManager.swift */,
				233998871B92207A008D7FFC /* ViewController.swift */,
				233998851B92207A008D7FFC /* AppDelegate.swift */,
			);
			name = "Main Files";
			sourceTree = "<group>";
		};
		23B453A51B9DFFBB00EB104C /* Data Models */ = {
			isa = PBXGroup;
			children = (
				2323083B1B9A18AD00CF748D /* DataFilter.swift */,
				23EA68F01B94D5AC00EF7EBE /* RouteDataModel.swift */,
				23B453A31B9DFF7800EB104C /* RestaurantDataModel.swift */,
				23157EC41B9F64C40001BEE3 /* RestaurantStructure.swift */,
				1E4A3AFA1BA3552D00E0DC29 /* RestaurantFilter.swift */,
				1E4A3AFC1BA35F9B00E0DC29 /* RestaurantFilterData.swift */,
				1E4A3AFE1BA4E6A200E0DC29 /* WaypointStructure.swift */,
				1E2F22CD1BA7DC7800378D42 /* MapHelpers.swift */,
				1E474DFA1BA8E25600449202 /* CustomAnnotation.swift */,
			);
			name = "Data Models";
			sourceTree = "<group>";
		};
		23B453A61B9E000300EB104C /* RestaurantTableView */ = {
			isa = PBXGroup;
			children = (
				23EDA50F1B9B8EB0009FD580 /* RestaurantTableViewCell.swift */,
				232308391B99412100CF748D /* RestaurantTableView.swift */,
			);
			name = RestaurantTableView;
			sourceTree = "<group>";
		};
		23E22AF11BA0B29E00E3EDFE /* Settings */ = {
			isa = PBXGroup;
			children = (
				23E22AF21BA0B2B800E3EDFE /* SettingsViewController.swift */,
			);
			name = Settings;
			sourceTree = "<group>";
		};
		5F8307EB515F32DF18861796 /* Frameworks */ = {
			isa = PBXGroup;
			children = (
				23C89B051B9769910014B243 /* MapKit.framework */,
				A4E73317155D0B2B43ABC568 /* libPods.a */,
			);
			name = Frameworks;
			sourceTree = "<group>";
		};
		9E31EE6BB73F5026118DA120 /* Pods */ = {
			isa = PBXGroup;
			children = (
				DF2440DAB0DE1D298F90474B /* Pods.debug.xcconfig */,
				77A58EAD708139DB8C248DEC /* Pods.release.xcconfig */,
			);
			name = Pods;
			sourceTree = "<group>";
		};
/* End PBXGroup section */

/* Begin PBXNativeTarget section */
		2339987F1B92207A008D7FFC /* FoodEnRoute */ = {
			isa = PBXNativeTarget;
			buildConfigurationList = 2339989F1B92207A008D7FFC /* Build configuration list for PBXNativeTarget "FoodEnRoute" */;
			buildPhases = (
				56AE793DCE313836DA0FCB77 /* Check Pods Manifest.lock */,
				2339987C1B92207A008D7FFC /* Sources */,
				2339987D1B92207A008D7FFC /* Frameworks */,
				2339987E1B92207A008D7FFC /* Resources */,
				FBD8821EDDDF843DC18C72A5 /* Copy Pods Resources */,
			);
			buildRules = (
			);
			dependencies = (
			);
			name = FoodEnRoute;
			productName = AlongTheRoad;
			productReference = 233998801B92207A008D7FFC /* FoodEnRoute.app */;
			productType = "com.apple.product-type.application";
		};
		233998941B92207A008D7FFC /* FoodEnRouteTests */ = {
			isa = PBXNativeTarget;
			buildConfigurationList = 233998A21B92207A008D7FFC /* Build configuration list for PBXNativeTarget "FoodEnRouteTests" */;
			buildPhases = (
				233998911B92207A008D7FFC /* Sources */,
				233998921B92207A008D7FFC /* Frameworks */,
				233998931B92207A008D7FFC /* Resources */,
			);
			buildRules = (
			);
			dependencies = (
				233998971B92207A008D7FFC /* PBXTargetDependency */,
			);
			name = FoodEnRouteTests;
			productName = AlongTheRoadTests;
			productReference = 233998951B92207A008D7FFC /* FoodEnRouteTests.xctest */;
			productType = "com.apple.product-type.bundle.unit-test";
		};
/* End PBXNativeTarget section */

/* Begin PBXProject section */
		233998781B92207A008D7FFC /* Project object */ = {
			isa = PBXProject;
			attributes = {
				LastUpgradeCheck = 0640;
				ORGANIZATIONNAME = "Food en Route";
				TargetAttributes = {
					2339987F1B92207A008D7FFC = {
						CreatedOnToolsVersion = 6.4;
						DevelopmentTeam = 6T9X99DZ9Q;
					};
					233998941B92207A008D7FFC = {
						CreatedOnToolsVersion = 6.4;
						TestTargetID = 2339987F1B92207A008D7FFC;
					};
				};
			};
			buildConfigurationList = 2339987B1B92207A008D7FFC /* Build configuration list for PBXProject "FoodEnRoute" */;
			compatibilityVersion = "Xcode 3.2";
			developmentRegion = English;
			hasScannedForEncodings = 0;
			knownRegions = (
				en,
				Base,
			);
			mainGroup = 233998771B92207A008D7FFC;
			productRefGroup = 233998811B92207A008D7FFC /* Products */;
			projectDirPath = "";
			projectRoot = "";
			targets = (
				2339987F1B92207A008D7FFC /* FoodEnRoute */,
				233998941B92207A008D7FFC /* FoodEnRouteTests */,
			);
		};
/* End PBXProject section */

/* Begin PBXResourcesBuildPhase section */
		2339987E1B92207A008D7FFC /* Resources */ = {
			isa = PBXResourcesBuildPhase;
			buildActionMask = 2147483647;
			files = (
				2339988B1B92207A008D7FFC /* Main.storyboard in Resources */,
				233998901B92207A008D7FFC /* LaunchScreen.xib in Resources */,
				2339988D1B92207A008D7FFC /* Images.xcassets in Resources */,
			);
			runOnlyForDeploymentPostprocessing = 0;
		};
		233998931B92207A008D7FFC /* Resources */ = {
			isa = PBXResourcesBuildPhase;
			buildActionMask = 2147483647;
			files = (
			);
			runOnlyForDeploymentPostprocessing = 0;
		};
/* End PBXResourcesBuildPhase section */

/* Begin PBXShellScriptBuildPhase section */
		56AE793DCE313836DA0FCB77 /* Check Pods Manifest.lock */ = {
			isa = PBXShellScriptBuildPhase;
			buildActionMask = 2147483647;
			files = (
			);
			inputPaths = (
			);
			name = "Check Pods Manifest.lock";
			outputPaths = (
			);
			runOnlyForDeploymentPostprocessing = 0;
			shellPath = /bin/sh;
			shellScript = "diff \"${PODS_ROOT}/../Podfile.lock\" \"${PODS_ROOT}/Manifest.lock\" > /dev/null\nif [[ $? != 0 ]] ; then\n    cat << EOM\nerror: The sandbox is not in sync with the Podfile.lock. Run 'pod install' or update your CocoaPods installation.\nEOM\n    exit 1\nfi\n";
			showEnvVarsInLog = 0;
		};
		FBD8821EDDDF843DC18C72A5 /* Copy Pods Resources */ = {
			isa = PBXShellScriptBuildPhase;
			buildActionMask = 2147483647;
			files = (
			);
			inputPaths = (
			);
			name = "Copy Pods Resources";
			outputPaths = (
			);
			runOnlyForDeploymentPostprocessing = 0;
			shellPath = /bin/sh;
			shellScript = "\"${SRCROOT}/Pods/Target Support Files/Pods/Pods-resources.sh\"\n";
			showEnvVarsInLog = 0;
		};
/* End PBXShellScriptBuildPhase section */

/* Begin PBXSourcesBuildPhase section */
		2339987C1B92207A008D7FFC /* Sources */ = {
			isa = PBXSourcesBuildPhase;
			buildActionMask = 2147483647;
			files = (
				1E4A3AFB1BA3552D00E0DC29 /* RestaurantFilter.swift in Sources */,
				23B453A81B9E057400EB104C /* DetailViewController.swift in Sources */,
				2323083A1B99412100CF748D /* RestaurantTableView.swift in Sources */,
				1E474DFB1BA8E25600449202 /* CustomAnnotation.swift in Sources */,
				2323083C1B9A18AD00CF748D /* DataFilter.swift in Sources */,
				233998881B92207A008D7FFC /* ViewController.swift in Sources */,
				23EA68F11B94D5AC00EF7EBE /* RouteDataModel.swift in Sources */,
				23EDA5101B9B8EB0009FD580 /* RestaurantTableViewCell.swift in Sources */,
				23C89B081B976BB10014B243 /* LocationManager.swift in Sources */,
				23B453A41B9DFF7800EB104C /* RestaurantDataModel.swift in Sources */,
				1E4A3AFF1BA4E6A200E0DC29 /* WaypointStructure.swift in Sources */,
				23157EC51B9F64C40001BEE3 /* RestaurantStructure.swift in Sources */,
				23E22AF31BA0B2B800E3EDFE /* SettingsViewController.swift in Sources */,
				232819091B926ADF00EBCCE6 /* MapViewController.swift in Sources */,
				1EA4E2481B9A5DFE0022C81C /* AutocompleteViewController.swift in Sources */,
				1E2F22CE1BA7DC7800378D42 /* MapHelpers.swift in Sources */,
				1E52A7CA1B9E11250039A9CE /* RouteViewController.swift in Sources */,
				1E4A3AFD1BA35F9B00E0DC29 /* RestaurantFilterData.swift in Sources */,
				233998861B92207A008D7FFC /* AppDelegate.swift in Sources */,
			);
			runOnlyForDeploymentPostprocessing = 0;
		};
		233998911B92207A008D7FFC /* Sources */ = {
			isa = PBXSourcesBuildPhase;
			buildActionMask = 2147483647;
			files = (
				2339989C1B92207A008D7FFC /* AlongTheRoadTests.swift in Sources */,
			);
			runOnlyForDeploymentPostprocessing = 0;
		};
/* End PBXSourcesBuildPhase section */

/* Begin PBXTargetDependency section */
		233998971B92207A008D7FFC /* PBXTargetDependency */ = {
			isa = PBXTargetDependency;
			target = 2339987F1B92207A008D7FFC /* FoodEnRoute */;
			targetProxy = 233998961B92207A008D7FFC /* PBXContainerItemProxy */;
		};
/* End PBXTargetDependency section */

/* Begin PBXVariantGroup section */
		233998891B92207A008D7FFC /* Main.storyboard */ = {
			isa = PBXVariantGroup;
			children = (
				2339988A1B92207A008D7FFC /* Base */,
			);
			name = Main.storyboard;
			sourceTree = "<group>";
		};
		2339988E1B92207A008D7FFC /* LaunchScreen.xib */ = {
			isa = PBXVariantGroup;
			children = (
				2339988F1B92207A008D7FFC /* Base */,
			);
			name = LaunchScreen.xib;
			sourceTree = "<group>";
		};
/* End PBXVariantGroup section */

/* Begin XCBuildConfiguration section */
		2339989D1B92207A008D7FFC /* Debug */ = {
			isa = XCBuildConfiguration;
			buildSettings = {
				ALWAYS_SEARCH_USER_PATHS = NO;
				CLANG_CXX_LANGUAGE_STANDARD = "gnu++0x";
				CLANG_CXX_LIBRARY = "libc++";
				CLANG_ENABLE_MODULES = YES;
				CLANG_ENABLE_OBJC_ARC = YES;
				CLANG_WARN_BOOL_CONVERSION = YES;
				CLANG_WARN_CONSTANT_CONVERSION = YES;
				CLANG_WARN_DIRECT_OBJC_ISA_USAGE = YES_ERROR;
				CLANG_WARN_EMPTY_BODY = YES;
				CLANG_WARN_ENUM_CONVERSION = YES;
				CLANG_WARN_INT_CONVERSION = YES;
				CLANG_WARN_OBJC_ROOT_CLASS = YES_ERROR;
				CLANG_WARN_UNREACHABLE_CODE = YES;
				CLANG_WARN__DUPLICATE_METHOD_MATCH = YES;
				"CODE_SIGN_IDENTITY[sdk=iphoneos*]" = "iPhone Developer";
				COPY_PHASE_STRIP = NO;
				DEBUG_INFORMATION_FORMAT = "dwarf-with-dsym";
				ENABLE_STRICT_OBJC_MSGSEND = YES;
				GCC_C_LANGUAGE_STANDARD = gnu99;
				GCC_DYNAMIC_NO_PIC = NO;
				GCC_NO_COMMON_BLOCKS = YES;
				GCC_OPTIMIZATION_LEVEL = 0;
				GCC_PREPROCESSOR_DEFINITIONS = (
					"DEBUG=1",
					"$(inherited)",
				);
				GCC_SYMBOLS_PRIVATE_EXTERN = NO;
				GCC_WARN_64_TO_32_BIT_CONVERSION = YES;
				GCC_WARN_ABOUT_RETURN_TYPE = YES_ERROR;
				GCC_WARN_UNDECLARED_SELECTOR = YES;
				GCC_WARN_UNINITIALIZED_AUTOS = YES_AGGRESSIVE;
				GCC_WARN_UNUSED_FUNCTION = YES;
				GCC_WARN_UNUSED_VARIABLE = YES;
				IPHONEOS_DEPLOYMENT_TARGET = 8.4;
				MTL_ENABLE_DEBUG_INFO = YES;
				ONLY_ACTIVE_ARCH = YES;
				SDKROOT = iphoneos;
				SWIFT_OPTIMIZATION_LEVEL = "-Onone";
			};
			name = Debug;
		};
		2339989E1B92207A008D7FFC /* Release */ = {
			isa = XCBuildConfiguration;
			buildSettings = {
				ALWAYS_SEARCH_USER_PATHS = NO;
				CLANG_CXX_LANGUAGE_STANDARD = "gnu++0x";
				CLANG_CXX_LIBRARY = "libc++";
				CLANG_ENABLE_MODULES = YES;
				CLANG_ENABLE_OBJC_ARC = YES;
				CLANG_WARN_BOOL_CONVERSION = YES;
				CLANG_WARN_CONSTANT_CONVERSION = YES;
				CLANG_WARN_DIRECT_OBJC_ISA_USAGE = YES_ERROR;
				CLANG_WARN_EMPTY_BODY = YES;
				CLANG_WARN_ENUM_CONVERSION = YES;
				CLANG_WARN_INT_CONVERSION = YES;
				CLANG_WARN_OBJC_ROOT_CLASS = YES_ERROR;
				CLANG_WARN_UNREACHABLE_CODE = YES;
				CLANG_WARN__DUPLICATE_METHOD_MATCH = YES;
				"CODE_SIGN_IDENTITY[sdk=iphoneos*]" = "iPhone Developer";
				COPY_PHASE_STRIP = NO;
				DEBUG_INFORMATION_FORMAT = "dwarf-with-dsym";
				ENABLE_NS_ASSERTIONS = NO;
				ENABLE_STRICT_OBJC_MSGSEND = YES;
				GCC_C_LANGUAGE_STANDARD = gnu99;
				GCC_NO_COMMON_BLOCKS = YES;
				GCC_WARN_64_TO_32_BIT_CONVERSION = YES;
				GCC_WARN_ABOUT_RETURN_TYPE = YES_ERROR;
				GCC_WARN_UNDECLARED_SELECTOR = YES;
				GCC_WARN_UNINITIALIZED_AUTOS = YES_AGGRESSIVE;
				GCC_WARN_UNUSED_FUNCTION = YES;
				GCC_WARN_UNUSED_VARIABLE = YES;
				IPHONEOS_DEPLOYMENT_TARGET = 8.4;
				MTL_ENABLE_DEBUG_INFO = NO;
				SDKROOT = iphoneos;
				VALIDATE_PRODUCT = YES;
			};
			name = Release;
		};
		233998A01B92207A008D7FFC /* Debug */ = {
			isa = XCBuildConfiguration;
			baseConfigurationReference = DF2440DAB0DE1D298F90474B /* Pods.debug.xcconfig */;
			buildSettings = {
				ASSETCATALOG_COMPILER_APPICON_NAME = AppIcon;
				CLANG_ENABLE_MODULES = YES;
				CODE_SIGN_IDENTITY = "iPhone Developer: Jan Hellmich (45F2W3KR5K)";
				"CODE_SIGN_IDENTITY[sdk=iphoneos*]" = "iPhone Developer";
				INFOPLIST_FILE = AlongTheRoad/Info.plist;
				LD_RUNPATH_SEARCH_PATHS = "$(inherited) @executable_path/Frameworks";
				PRODUCT_NAME = "$(TARGET_NAME)";
				PROVISIONING_PROFILE = "";
				SWIFT_OBJC_BRIDGING_HEADER = "AlongTheRoad/AlongTheRoad-Bridging-Header.h";
				SWIFT_OPTIMIZATION_LEVEL = "-Onone";
			};
			name = Debug;
		};
		233998A11B92207A008D7FFC /* Release */ = {
			isa = XCBuildConfiguration;
			baseConfigurationReference = 77A58EAD708139DB8C248DEC /* Pods.release.xcconfig */;
			buildSettings = {
				ASSETCATALOG_COMPILER_APPICON_NAME = AppIcon;
				CLANG_ENABLE_MODULES = YES;
				CODE_SIGN_IDENTITY = "iPhone Developer: Jan Hellmich (45F2W3KR5K)";
				"CODE_SIGN_IDENTITY[sdk=iphoneos*]" = "iPhone Developer";
				INFOPLIST_FILE = AlongTheRoad/Info.plist;
				LD_RUNPATH_SEARCH_PATHS = "$(inherited) @executable_path/Frameworks";
				PRODUCT_NAME = "$(TARGET_NAME)";
				PROVISIONING_PROFILE = "";
				SWIFT_OBJC_BRIDGING_HEADER = "AlongTheRoad/AlongTheRoad-Bridging-Header.h";
			};
			name = Release;
		};
		233998A31B92207A008D7FFC /* Debug */ = {
			isa = XCBuildConfiguration;
			buildSettings = {
				CODE_SIGN_IDENTITY = "iPhone Developer: Jan Hellmich (45F2W3KR5K)";
				FRAMEWORK_SEARCH_PATHS = (
					"$(SDKROOT)/Developer/Library/Frameworks",
					"$(inherited)",
				);
				GCC_PREPROCESSOR_DEFINITIONS = (
					"DEBUG=1",
					"$(inherited)",
				);
				INFOPLIST_FILE = AlongTheRoadTests/Info.plist;
				LD_RUNPATH_SEARCH_PATHS = "$(inherited) @executable_path/Frameworks @loader_path/Frameworks";
				PRODUCT_NAME = "$(TARGET_NAME)";
				TEST_HOST = "$(BUILT_PRODUCTS_DIR)/AlongTheRoad.app/AlongTheRoad";
			};
			name = Debug;
		};
		233998A41B92207A008D7FFC /* Release */ = {
			isa = XCBuildConfiguration;
			buildSettings = {
				CODE_SIGN_IDENTITY = "iPhone Developer: Jan Hellmich (45F2W3KR5K)";
				FRAMEWORK_SEARCH_PATHS = (
					"$(SDKROOT)/Developer/Library/Frameworks",
					"$(inherited)",
				);
				INFOPLIST_FILE = AlongTheRoadTests/Info.plist;
				LD_RUNPATH_SEARCH_PATHS = "$(inherited) @executable_path/Frameworks @loader_path/Frameworks";
				PRODUCT_NAME = "$(TARGET_NAME)";
				TEST_HOST = "$(BUILT_PRODUCTS_DIR)/AlongTheRoad.app/AlongTheRoad";
			};
			name = Release;
		};
/* End XCBuildConfiguration section */

/* Begin XCConfigurationList section */
		2339987B1B92207A008D7FFC /* Build configuration list for PBXProject "FoodEnRoute" */ = {
			isa = XCConfigurationList;
			buildConfigurations = (
				2339989D1B92207A008D7FFC /* Debug */,
				2339989E1B92207A008D7FFC /* Release */,
			);
			defaultConfigurationIsVisible = 0;
			defaultConfigurationName = Release;
		};
		2339989F1B92207A008D7FFC /* Build configuration list for PBXNativeTarget "FoodEnRoute" */ = {
			isa = XCConfigurationList;
			buildConfigurations = (
				233998A01B92207A008D7FFC /* Debug */,
				233998A11B92207A008D7FFC /* Release */,
			);
			defaultConfigurationIsVisible = 0;
			defaultConfigurationName = Release;
		};
		233998A21B92207A008D7FFC /* Build configuration list for PBXNativeTarget "FoodEnRouteTests" */ = {
			isa = XCConfigurationList;
			buildConfigurations = (
				233998A31B92207A008D7FFC /* Debug */,
				233998A41B92207A008D7FFC /* Release */,
			);
			defaultConfigurationIsVisible = 0;
			defaultConfigurationName = Release;
		};
/* End XCConfigurationList section */
	};
	rootObject = 233998781B92207A008D7FFC /* Project object */;
}
